
Microsoft Visual Studio Solution File, Format Version 12.00
# Visual Studio Version 16
VisualStudioVersion = 16.0.29613.14
MinimumVisualStudioVersion = 10.0.40219.1
Project("{FAE04EC0-301F-11D3-BF4B-00C04F79EFBC}") = "crl-service-console-app", "crl-service-console-app\crl-service-console-app.csproj", "{3F27884C-CB7C-4CE8-A9BE-B86CA6EA81E7}"
EndProject
Global
	GlobalSection(SolutionConfigurationPlatforms) = preSolution
		Debug|Any CPU = Debug|Any CPU
		Release|Any CPU = Release|Any CPU
	EndGlobalSection
	GlobalSection(ProjectConfigurationPlatforms) = postSolution
		{3F27884C-CB7C-4CE8-A9BE-B86CA6EA81E7}.Debug|Any CPU.ActiveCfg = Debug|Any CPU
		{3F27884C-CB7C-4CE8-A9BE-B86CA6EA81E7}.Debug|Any CPU.Build.0 = Debug|Any CPU
		{3F27884C-CB7C-4CE8-A9BE-B86CA6EA81E7}.Release|Any CPU.ActiveCfg = Release|Any CPU
		{3F27884C-CB7C-4CE8-A9BE-B86CA6EA81E7}.Release|Any CPU.Build.0 = Release|Any CPU
	EndGlobalSection
	GlobalSection(SolutionProperties) = preSolution
		HideSolutionNode = FALSE
	EndGlobalSection
	GlobalSection(ExtensibilityGlobals) = postSolution
		SolutionGuid = {47CAF808-20C5-4EC4-9FC7-CCB53B465868}
	EndGlobalSection
EndGlobal
